# This file is autogenerated, do not edit; changes may be undone by the next 'dep ensure'.


[[projects]]
  name = "github.com/favclip/genbase"
  packages = ["."]
  revision = "33e3f4f43761221e7ef1f0be35bad3711ae26cbd"
  version = "v1.0.0"

[[projects]]
  name = "github.com/favclip/jwg"
  packages = [
    "misc/fixture/a",
    "misc/fixture/b",
    "misc/other/v1",
    "misc/other/v2"
  ]
  revision = "b2b45bf6165a5ec59d00691b6e3af2a21f9d0d7c"
  version = "v1.0.0"

[[projects]]
  branch = "master"
  name = "github.com/golang/lint"
  packages = [
    ".",
    "golint"
  ]
  revision = "6aaf7c34af0f4c36a57e0c429bace4d706d8e931"

[[projects]]
  branch = "master"
  name = "golang.org/x/tools"
  packages = [
    "cmd/goimports",
    "go/ast/astutil",
    "go/gcexportdata",
    "go/gcimporter15",
    "go/types/typeutil",
    "imports"
  ]
  revision = "04447353bc504b9a5c02eb227b9ecd252e64ea20"

[solve-meta]
  analyzer-name = "dep"
  analyzer-version = 1
  inputs-digest = "d7ae3c5b2010dea668d4519ba5f73d225405c8ec895c04143f7b75127dc7abf0"
  solver-name = "gps-cdcl"
  solver-version = 1
